// !$*UTF8*$!
{
	archiveVersion = 1;
	classes = {
	};
	objectVersion = 46;
	objects = {

/* Begin PBXBuildFile section */
		75069F4D1E96862A009BFC12 /* airbnb-occupant-filter.h in Headers */ = {isa = PBXBuildFile; fileRef = 75069F4B1E96862A009BFC12 /* airbnb-occupant-filter.h */; settings = {ATTRIBUTES = (Public, ); }; };
		75069F5B1E968635009BFC12 /* AirbnbCounter.swift in Sources */ = {isa = PBXBuildFile; fileRef = 75069F531E968635009BFC12 /* AirbnbCounter.swift */; };
		75069F5C1E968635009BFC12 /* AirbnbOccupantFilter.swift in Sources */ = {isa = PBXBuildFile; fileRef = 75069F541E968635009BFC12 /* AirbnbOccupantFilter.swift */; };
		75069F5D1E968635009BFC12 /* AirbnbOccupantFilterController.swift in Sources */ = {isa = PBXBuildFile; fileRef = 75069F551E968635009BFC12 /* AirbnbOccupantFilterController.swift */; };
		75069F5E1E968635009BFC12 /* AirbnbSwitch.swift in Sources */ = {isa = PBXBuildFile; fileRef = 75069F561E968635009BFC12 /* AirbnbSwitch.swift */; };
		75069F5F1E968635009BFC12 /* Assets.xcassets in Resources */ = {isa = PBXBuildFile; fileRef = 75069F571E968635009BFC12 /* Assets.xcassets */; };
		75069F601E968635009BFC12 /* Theme.swift in Sources */ = {isa = PBXBuildFile; fileRef = 75069F581E968635009BFC12 /* Theme.swift */; };
		75069F611E968635009BFC12 /* UIColor.swift in Sources */ = {isa = PBXBuildFile; fileRef = 75069F591E968635009BFC12 /* UIColor.swift */; };
		75069F621E968635009BFC12 /* UIImage.swift in Sources */ = {isa = PBXBuildFile; fileRef = 75069F5A1E968635009BFC12 /* UIImage.swift */; };
/* End PBXBuildFile section */

/* Begin PBXFileReference section */
		75069F481E96862A009BFC12 /* AirbnbOccupantFilter.framework */ = {isa = PBXFileReference; explicitFileType = wrapper.framework; includeInIndex = 0; path = AirbnbOccupantFilter.framework; sourceTree = BUILT_PRODUCTS_DIR; };
		75069F4B1E96862A009BFC12 /* airbnb-occupant-filter.h */ = {isa = PBXFileReference; lastKnownFileType = sourcecode.c.h; path = "airbnb-occupant-filter.h"; sourceTree = "<group>"; };
		75069F4C1E96862A009BFC12 /* Info.plist */ = {isa = PBXFileReference; lastKnownFileType = text.plist.xml; path = Info.plist; sourceTree = "<group>"; };
		75069F531E968635009BFC12 /* AirbnbCounter.swift */ = {isa = PBXFileReference; fileEncoding = 4; lastKnownFileType = sourcecode.swift; path = AirbnbCounter.swift; sourceTree = "<group>"; };
		75069F541E968635009BFC12 /* AirbnbOccupantFilter.swift */ = {isa = PBXFileReference; fileEncoding = 4; lastKnownFileType = sourcecode.swift; path = AirbnbOccupantFilter.swift; sourceTree = "<group>"; };
		75069F551E968635009BFC12 /* AirbnbOccupantFilterController.swift */ = {isa = PBXFileReference; fileEncoding = 4; lastKnownFileType = sourcecode.swift; path = AirbnbOccupantFilterController.swift; sourceTree = "<group>"; };
		75069F561E968635009BFC12 /* AirbnbSwitch.swift */ = {isa = PBXFileReference; fileEncoding = 4; lastKnownFileType = sourcecode.swift; path = AirbnbSwitch.swift; sourceTree = "<group>"; };
		75069F571E968635009BFC12 /* Assets.xcassets */ = {isa = PBXFileReference; lastKnownFileType = folder.assetcatalog; path = Assets.xcassets; sourceTree = "<group>"; };
		75069F581E968635009BFC12 /* Theme.swift */ = {isa = PBXFileReference; fileEncoding = 4; lastKnownFileType = sourcecode.swift; path = Theme.swift; sourceTree = "<group>"; };
		75069F591E968635009BFC12 /* UIColor.swift */ = {isa = PBXFileReference; fileEncoding = 4; lastKnownFileType = sourcecode.swift; path = UIColor.swift; sourceTree = "<group>"; };
		75069F5A1E968635009BFC12 /* UIImage.swift */ = {isa = PBXFileReference; fileEncoding = 4; lastKnownFileType = sourcecode.swift; path = UIImage.swift; sourceTree = "<group>"; };
/* End PBXFileReference section */

/* Begin PBXFrameworksBuildPhase section */
		75069F441E96862A009BFC12 /* Frameworks */ = {
			isa = PBXFrameworksBuildPhase;
			buildActionMask = 2147483647;
			files = (
			);
			runOnlyForDeploymentPostprocessing = 0;
		};
/* End PBXFrameworksBuildPhase section */

/* Begin PBXGroup section */
		75069F3E1E96862A009BFC12 = {
			isa = PBXGroup;
			children = (
				75069F4A1E96862A009BFC12 /* airbnb-occupant-filter */,
				75069F491E96862A009BFC12 /* Products */,
			);
			sourceTree = "<group>";
		};
		75069F491E96862A009BFC12 /* Products */ = {
			isa = PBXGroup;
			children = (
				75069F481E96862A009BFC12 /* AirbnbOccupantFilter.framework */,
			);
			name = Products;
			sourceTree = "<group>";
		};
		75069F4A1E96862A009BFC12 /* airbnb-occupant-filter */ = {
			isa = PBXGroup;
			children = (
				75069F531E968635009BFC12 /* AirbnbCounter.swift */,
				75069F541E968635009BFC12 /* AirbnbOccupantFilter.swift */,
				75069F551E968635009BFC12 /* AirbnbOccupantFilterController.swift */,
				75069F561E968635009BFC12 /* AirbnbSwitch.swift */,
				75069F571E968635009BFC12 /* Assets.xcassets */,
				75069F581E968635009BFC12 /* Theme.swift */,
				75069F591E968635009BFC12 /* UIColor.swift */,
				75069F5A1E968635009BFC12 /* UIImage.swift */,
				75069F4B1E96862A009BFC12 /* airbnb-occupant-filter.h */,
				75069F4C1E96862A009BFC12 /* Info.plist */,
			);
			path = "airbnb-occupant-filter";
			sourceTree = "<group>";
		};
/* End PBXGroup section */

/* Begin PBXHeadersBuildPhase section */
		75069F451E96862A009BFC12 /* Headers */ = {
			isa = PBXHeadersBuildPhase;
			buildActionMask = 2147483647;
			files = (
				75069F4D1E96862A009BFC12 /* airbnb-occupant-filter.h in Headers */,
			);
			runOnlyForDeploymentPostprocessing = 0;
		};
/* End PBXHeadersBuildPhase section */

/* Begin PBXNativeTarget section */
		75069F471E96862A009BFC12 /* airbnb-occupant-filter */ = {
			isa = PBXNativeTarget;
			buildConfigurationList = 75069F501E96862A009BFC12 /* Build configuration list for PBXNativeTarget "airbnb-occupant-filter" */;
			buildPhases = (
				75069F431E96862A009BFC12 /* Sources */,
				75069F441E96862A009BFC12 /* Frameworks */,
				75069F451E96862A009BFC12 /* Headers */,
				75069F461E96862A009BFC12 /* Resources */,
			);
			buildRules = (
			);
			dependencies = (
			);
			name = "airbnb-occupant-filter";
			productName = "airbnb-occupant-filter";
			productReference = 75069F481E96862A009BFC12 /* AirbnbOccupantFilter.framework */;
			productType = "com.apple.product-type.framework";
		};
/* End PBXNativeTarget section */

/* Begin PBXProject section */
		75069F3F1E96862A009BFC12 /* Project object */ = {
			isa = PBXProject;
			attributes = {
				LastUpgradeCheck = 0940;
				ORGANIZATIONNAME = "Yonas Stephen";
				TargetAttributes = {
					75069F471E96862A009BFC12 = {
						CreatedOnToolsVersion = 8.3;
						DevelopmentTeam = 8FNSQJZ54L;
						LastSwiftMigration = 0940;
						ProvisioningStyle = Automatic;
					};
				};
			};
			buildConfigurationList = 75069F421E96862A009BFC12 /* Build configuration list for PBXProject "airbnb-occupant-filter" */;
			compatibilityVersion = "Xcode 3.2";
			developmentRegion = English;
			hasScannedForEncodings = 0;
			knownRegions = (
				en,
			);
			mainGroup = 75069F3E1E96862A009BFC12;
			productRefGroup = 75069F491E96862A009BFC12 /* Products */;
			projectDirPath = "";
			projectRoot = "";
			targets = (
				75069F471E96862A009BFC12 /* airbnb-occupant-filter */,
			);
		};
/* End PBXProject section */

/* Begin PBXResourcesBuildPhase section */
		75069F461E96862A009BFC12 /* Resources */ = {
			isa = PBXResourcesBuildPhase;
			buildActionMask = 2147483647;
			files = (
				75069F5F1E968635009BFC12 /* Assets.xcassets in Resources */,
			);
			runOnlyForDeploymentPostprocessing = 0;
		};
/* End PBXResourcesBuildPhase section */

/* Begin PBXSourcesBuildPhase section */
		75069F431E96862A009BFC12 /* Sources */ = {
			isa = PBXSourcesBuildPhase;
			buildActionMask = 2147483647;
			files = (
				75069F5D1E968635009BFC12 /* AirbnbOccupantFilterController.swift in Sources */,
				75069F611E968635009BFC12 /* UIColor.swift in Sources */,
				75069F5E1E968635009BFC12 /* AirbnbSwitch.swift in Sources */,
				75069F601E968635009BFC12 /* Theme.swift in Sources */,
				75069F5C1E968635009BFC12 /* AirbnbOccupantFilter.swift in Sources */,
				75069F5B1E968635009BFC12 /* AirbnbCounter.swift in Sources */,
				75069F621E968635009BFC12 /* UIImage.swift in Sources */,
			);
			runOnlyForDeploymentPostprocessing = 0;
		};
/* End PBXSourcesBuildPhase section */

/* Begin XCBuildConfiguration section */
		75069F4E1E96862A009BFC12 /* Debug */ = {
			isa = XCBuildConfiguration;
			buildSettings = {
				ALWAYS_SEARCH_USER_PATHS = NO;
				CLANG_ANALYZER_NONNULL = YES;
				CLANG_ANALYZER_NUMBER_OBJECT_CONVERSION = YES_AGGRESSIVE;
				CLANG_CXX_LANGUAGE_STANDARD = "gnu++0x";
				CLANG_CXX_LIBRARY = "libc++";
				CLANG_ENABLE_MODULES = YES;
				CLANG_ENABLE_OBJC_ARC = YES;
				CLANG_WARN_BLOCK_CAPTURE_AUTORELEASING = YES;
				CLANG_WARN_BOOL_CONVERSION = YES;
				CLANG_WARN_COMMA = YES;
				CLANG_WARN_CONSTANT_CONVERSION = YES;
				CLANG_WARN_DEPRECATED_OBJC_IMPLEMENTATIONS = YES;
				CLANG_WARN_DIRECT_OBJC_ISA_USAGE = YES_ERROR;
				CLANG_WARN_DOCUMENTATION_COMMENTS = YES;
				CLANG_WARN_EMPTY_BODY = YES;
				CLANG_WARN_ENUM_CONVERSION = YES;
				CLANG_WARN_INFINITE_RECURSION = YES;
				CLANG_WARN_INT_CONVERSION = YES;
				CLANG_WARN_NON_LITERAL_NULL_CONVERSION = YES;
				CLANG_WARN_OBJC_IMPLICIT_RETAIN_SELF = YES;
				CLANG_WARN_OBJC_LITERAL_CONVERSION = YES;
				CLANG_WARN_OBJC_ROOT_CLASS = YES_ERROR;
				CLANG_WARN_RANGE_LOOP_ANALYSIS = YES;
				CLANG_WARN_STRICT_PROTOTYPES = YES;
				CLANG_WARN_SUSPICIOUS_MOVE = YES;
				CLANG_WARN_UNREACHABLE_CODE = YES;
				CLANG_WARN__DUPLICATE_METHOD_MATCH = YES;
				"CODE_SIGN_IDENTITY[sdk=iphoneos*]" = "iPhone Developer";
				COPY_PHASE_STRIP = NO;
				CURRENT_PROJECT_VERSION = 1;
				DEBUG_INFORMATION_FORMAT = dwarf;
				ENABLE_STRICT_OBJC_MSGSEND = YES;
				ENABLE_TESTABILITY = YES;
				GCC_C_LANGUAGE_STANDARD = gnu99;
				GCC_DYNAMIC_NO_PIC = NO;
				GCC_NO_COMMON_BLOCKS = YES;
				GCC_OPTIMIZATION_LEVEL = 0;
				GCC_PREPROCESSOR_DEFINITIONS = (
					"DEBUG=1",
					"$(inherited)",
				);
				GCC_WARN_64_TO_32_BIT_CONVERSION = YES;
				GCC_WARN_ABOUT_RETURN_TYPE = YES_ERROR;
				GCC_WARN_UNDECLARED_SELECTOR = YES;
				GCC_WARN_UNINITIALIZED_AUTOS = YES_AGGRESSIVE;
				GCC_WARN_UNUSED_FUNCTION = YES;
				GCC_WARN_UNUSED_VARIABLE = YES;
				IPHONEOS_DEPLOYMENT_TARGET = 11.4;
				MTL_ENABLE_DEBUG_INFO = YES;
				ONLY_ACTIVE_ARCH = YES;
				SDKROOT = iphoneos;
				SWIFT_ACTIVE_COMPILATION_CONDITIONS = DEBUG;
				SWIFT_OPTIMIZATION_LEVEL = "-Onone";
				SWIFT_SWIFT3_OBJC_INFERENCE = Off;
				SWIFT_VERSION = 4.0;
				TARGETED_DEVICE_FAMILY = "1,2";
				VERSIONING_SYSTEM = "apple-generic";
				VERSION_INFO_PREFIX = "";
			};
			name = Debug;
		};
		75069F4F1E96862A009BFC12 /* Release */ = {
			isa = XCBuildConfiguration;
			buildSettings = {
				ALWAYS_SEARCH_USER_PATHS = NO;
				CLANG_ANALYZER_NONNULL = YES;
				CLANG_ANALYZER_NUMBER_OBJECT_CONVERSION = YES_AGGRESSIVE;
				CLANG_CXX_LANGUAGE_STANDARD = "gnu++0x";
				CLANG_CXX_LIBRARY = "libc++";
				CLANG_ENABLE_MODULES = YES;
				CLANG_ENABLE_OBJC_ARC = YES;
				CLANG_WARN_BLOCK_CAPTURE_AUTORELEASING = YES;
				CLANG_WARN_BOOL_CONVERSION = YES;
				CLANG_WARN_COMMA = YES;
				CLANG_WARN_CONSTANT_CONVERSION = YES;
				CLANG_WARN_DEPRECATED_OBJC_IMPLEMENTATIONS = YES;
				CLANG_WARN_DIRECT_OBJC_ISA_USAGE = YES_ERROR;
				CLANG_WARN_DOCUMENTATION_COMMENTS = YES;
				CLANG_WARN_EMPTY_BODY = YES;
				CLANG_WARN_ENUM_CONVERSION = YES;
				CLANG_WARN_INFINITE_RECURSION = YES;
				CLANG_WARN_INT_CONVERSION = YES;
				CLANG_WARN_NON_LITERAL_NULL_CONVERSION = YES;
				CLANG_WARN_OBJC_IMPLICIT_RETAIN_SELF = YES;
				CLANG_WARN_OBJC_LITERAL_CONVERSION = YES;
				CLANG_WARN_OBJC_ROOT_CLASS = YES_ERROR;
				CLANG_WARN_RANGE_LOOP_ANALYSIS = YES;
				CLANG_WARN_STRICT_PROTOTYPES = YES;
				CLANG_WARN_SUSPICIOUS_MOVE = YES;
				CLANG_WARN_UNREACHABLE_CODE = YES;
				CLANG_WARN__DUPLICATE_METHOD_MATCH = YES;
				"CODE_SIGN_IDENTITY[sdk=iphoneos*]" = "iPhone Developer";
				COPY_PHASE_STRIP = NO;
				CURRENT_PROJECT_VERSION = 1;
				DEBUG_INFORMATION_FORMAT = "dwarf-with-dsym";
				ENABLE_NS_ASSERTIONS = NO;
				ENABLE_STRICT_OBJC_MSGSEND = YES;
				GCC_C_LANGUAGE_STANDARD = gnu99;
				GCC_NO_COMMON_BLOCKS = YES;
				GCC_WARN_64_TO_32_BIT_CONVERSION = YES;
				GCC_WARN_ABOUT_RETURN_TYPE = YES_ERROR;
				GCC_WARN_UNDECLARED_SELECTOR = YES;
				GCC_WARN_UNINITIALIZED_AUTOS = YES_AGGRESSIVE;
				GCC_WARN_UNUSED_FUNCTION = YES;
				GCC_WARN_UNUSED_VARIABLE = YES;
				IPHONEOS_DEPLOYMENT_TARGET = 11.4;
				MTL_ENABLE_DEBUG_INFO = NO;
				SDKROOT = iphoneos;
				SWIFT_OPTIMIZATION_LEVEL = "-Owholemodule";
				SWIFT_SWIFT3_OBJC_INFERENCE = Off;
				SWIFT_VERSION = 4.0;
				TARGETED_DEVICE_FAMILY = "1,2";
				VALIDATE_PRODUCT = YES;
				VERSIONING_SYSTEM = "apple-generic";
				VERSION_INFO_PREFIX = "";
			};
			name = Release;
		};
		75069F511E96862A009BFC12 /* Debug */ = {
			isa = XCBuildConfiguration;
			buildSettings = {
				CLANG_ENABLE_MODULES = YES;
				CODE_SIGN_IDENTITY = "";
				DEFINES_MODULE = YES;
				DEVELOPMENT_TEAM = 8FNSQJZ54L;
				DYLIB_COMPATIBILITY_VERSION = 1;
				DYLIB_CURRENT_VERSION = 1;
				DYLIB_INSTALL_NAME_BASE = "@rpath";
				INFOPLIST_FILE = "airbnb-occupant-filter/Info.plist";
				INSTALL_PATH = "$(LOCAL_LIBRARY_DIR)/Frameworks";
				IPHONEOS_DEPLOYMENT_TARGET = 11.4;
				LD_RUNPATH_SEARCH_PATHS = "$(inherited) @executable_path/Frameworks @loader_path/Frameworks";
				PRODUCT_BUNDLE_IDENTIFIER = "com.ystephen.airbnb-occupant-filter";
				PRODUCT_NAME = AirbnbOccupantFilter;
				SKIP_INSTALL = YES;
				SWIFT_OPTIMIZATION_LEVEL = "-Onone";
				SWIFT_SWIFT3_OBJC_INFERENCE = Off;
				SWIFT_VERSION = 4.0;
			};
			name = Debug;
		};
		75069F521E96862A009BFC12 /* Release */ = {
			isa = XCBuildConfiguration;
			buildSettings = {
				CLANG_ENABLE_MODULES = YES;
				CODE_SIGN_IDENTITY = "";
				DEFINES_MODULE = YES;
				DEVELOPMENT_TEAM = 8FNSQJZ54L;
				DYLIB_COMPATIBILITY_VERSION = 1;
				DYLIB_CURRENT_VERSION = 1;
				DYLIB_INSTALL_NAME_BASE = "@rpath";
				INFOPLIST_FILE = "airbnb-occupant-filter/Info.plist";
				INSTALL_PATH = "$(LOCAL_LIBRARY_DIR)/Frameworks";
				IPHONEOS_DEPLOYMENT_TARGET = 11.4;
				LD_RUNPATH_SEARCH_PATHS = "$(inherited) @executable_path/Frameworks @loader_path/Frameworks";
				PRODUCT_BUNDLE_IDENTIFIER = "com.ystephen.airbnb-occupant-filter";
				PRODUCT_NAME = AirbnbOccupantFilter;
				SKIP_INSTALL = YES;
				SWIFT_SWIFT3_OBJC_INFERENCE = Off;
				SWIFT_VERSION = 4.0;
			};
			name = Release;
		};
/* End XCBuildConfiguration section */

/* Begin XCConfigurationList section */
		75069F421E96862A009BFC12 /* Build configuration list for PBXProject "airbnb-occupant-filter" */ = {
			isa = XCConfigurationList;
			buildConfigurations = (
				75069F4E1E96862A009BFC12 /* Debug */,
				75069F4F1E96862A009BFC12 /* Release */,
			);
			defaultConfigurationIsVisible = 0;
			defaultConfigurationName = Release;
		};
		75069F501E96862A009BFC12 /* Build configuration list for PBXNativeTarget "airbnb-occupant-filter" */ = {
			isa = XCConfigurationList;
			buildConfigurations = (
				75069F511E96862A009BFC12 /* Debug */,
				75069F521E96862A009BFC12 /* Release */,
			);
			defaultConfigurationIsVisible = 0;
			defaultConfigurationName = Release;
		};
/* End XCConfigurationList section */
	};
	rootObject = 75069F3F1E96862A009BFC12 /* Project object */;
}
